
Microsoft Visual Studio Solution File, Format Version 12.00
# Visual Studio Version 16
VisualStudioVersion = 16.0.31402.337
MinimumVisualStudioVersion = 10.0.40219.1
Project("{FAE04EC0-301F-11D3-BF4B-00C04F79EFBC}") = "Phenryr", "Phenryr.csproj", "{753C3176-1C4C-4485-AE50-86AB91F55F8F}"
EndProject
Global
	GlobalSection(SolutionConfigurationPlatforms) = preSolution
		Debug|Any CPU = Debug|Any CPU
		Release|Any CPU = Release|Any CPU
	EndGlobalSection
	GlobalSection(ProjectConfigurationPlatforms) = postSolution
		{753C3176-1C4C-4485-AE50-86AB91F55F8F}.Debug|Any CPU.ActiveCfg = Debug|Any CPU
		{753C3176-1C4C-4485-AE50-86AB91F55F8F}.Debug|Any CPU.Build.0 = Debug|Any CPU
		{753C3176-1C4C-4485-AE50-86AB91F55F8F}.Release|Any CPU.ActiveCfg = Release|Any CPU
		{753C3176-1C4C-4485-AE50-86AB91F55F8F}.Release|Any CPU.Build.0 = Release|Any CPU
	EndGlobalSection
	GlobalSection(SolutionProperties) = preSolution
		HideSolutionNode = FALSE
	EndGlobalSection
	GlobalSection(ExtensibilityGlobals) = postSolution
		SolutionGuid = {B409867A-1357-4708-B604-F576156E17AA}
	EndGlobalSection
EndGlobal
